
Microsoft Visual Studio Solution File, Format Version 12.00
# Visual Studio Version 17
VisualStudioVersion = 17.0.31903.59
MinimumVisualStudioVersion = 10.0.40219.1
Project("{FAE04EC0-301F-11D3-BF4B-00C04F79EFBC}") = "01-string-methods-homework", "01-string-methods-homework\01-string-methods-homework.csproj", "{4AA9DFE0-1B13-4BAF-87C2-03EA78C017BD}"
EndProject
Project("{FAE04EC0-301F-11D3-BF4B-00C04F79EFBC}") = "02-number-methods-homework", "02-number-methods-homework\02-number-methods-homework.csproj", "{BC0A5389-DAC9-411A-8445-EF1EE8BC194A}"
EndProject
Project("{FAE04EC0-301F-11D3-BF4B-00C04F79EFBC}") = "03-datetime-methods-homework", "03-datetime-methods-homework\03-datetime-methods-homework.csproj", "{6264282F-600D-4BCD-A884-471F1DC1B431}"
EndProject
Project("{FAE04EC0-301F-11D3-BF4B-00C04F79EFBC}") = "04-if-else-homework", "04-if-else-homework\04-if-else-homework.csproj", "{9395696E-C862-4D79-8C05-5C5BE531CE23}"
EndProject
Project("{FAE04EC0-301F-11D3-BF4B-00C04F79EFBC}") = "05-if-else-homework2.MD", "05-if-else-homework2.MD\05-if-else-homework2.MD.csproj", "{C93BAD4B-0BB7-468E-84BA-E7A1DD7258E3}"
EndProject
Project("{FAE04EC0-301F-11D3-BF4B-00C04F79EFBC}") = "06-homework_for.MD", "06-homework_for.MD\06-homework_for.MD.csproj", "{9CB88BC6-9349-4FA0-8F4E-9F74FEC46C2E}"
EndProject
Project("{FAE04EC0-301F-11D3-BF4B-00C04F79EFBC}") = "07-switch-homework.md", "07-switch-homework.md\07-switch-homework.md.csproj", "{196F17C9-A4E1-4AEF-A7DC-239502ABA287}"
EndProject
Global
	GlobalSection(SolutionConfigurationPlatforms) = preSolution
		Debug|Any CPU = Debug|Any CPU
		Release|Any CPU = Release|Any CPU
	EndGlobalSection
	GlobalSection(SolutionProperties) = preSolution
		HideSolutionNode = FALSE
	EndGlobalSection
	GlobalSection(ProjectConfigurationPlatforms) = postSolution
		{4AA9DFE0-1B13-4BAF-87C2-03EA78C017BD}.Debug|Any CPU.ActiveCfg = Debug|Any CPU
		{4AA9DFE0-1B13-4BAF-87C2-03EA78C017BD}.Debug|Any CPU.Build.0 = Debug|Any CPU
		{4AA9DFE0-1B13-4BAF-87C2-03EA78C017BD}.Release|Any CPU.ActiveCfg = Release|Any CPU
		{4AA9DFE0-1B13-4BAF-87C2-03EA78C017BD}.Release|Any CPU.Build.0 = Release|Any CPU
		{BC0A5389-DAC9-411A-8445-EF1EE8BC194A}.Debug|Any CPU.ActiveCfg = Debug|Any CPU
		{BC0A5389-DAC9-411A-8445-EF1EE8BC194A}.Debug|Any CPU.Build.0 = Debug|Any CPU
		{BC0A5389-DAC9-411A-8445-EF1EE8BC194A}.Release|Any CPU.ActiveCfg = Release|Any CPU
		{BC0A5389-DAC9-411A-8445-EF1EE8BC194A}.Release|Any CPU.Build.0 = Release|Any CPU
		{6264282F-600D-4BCD-A884-471F1DC1B431}.Debug|Any CPU.ActiveCfg = Debug|Any CPU
		{6264282F-600D-4BCD-A884-471F1DC1B431}.Debug|Any CPU.Build.0 = Debug|Any CPU
		{6264282F-600D-4BCD-A884-471F1DC1B431}.Release|Any CPU.ActiveCfg = Release|Any CPU
		{6264282F-600D-4BCD-A884-471F1DC1B431}.Release|Any CPU.Build.0 = Release|Any CPU
		{9395696E-C862-4D79-8C05-5C5BE531CE23}.Debug|Any CPU.ActiveCfg = Debug|Any CPU
		{9395696E-C862-4D79-8C05-5C5BE531CE23}.Debug|Any CPU.Build.0 = Debug|Any CPU
		{9395696E-C862-4D79-8C05-5C5BE531CE23}.Release|Any CPU.ActiveCfg = Release|Any CPU
		{9395696E-C862-4D79-8C05-5C5BE531CE23}.Release|Any CPU.Build.0 = Release|Any CPU
		{C93BAD4B-0BB7-468E-84BA-E7A1DD7258E3}.Debug|Any CPU.ActiveCfg = Debug|Any CPU
		{C93BAD4B-0BB7-468E-84BA-E7A1DD7258E3}.Debug|Any CPU.Build.0 = Debug|Any CPU
		{C93BAD4B-0BB7-468E-84BA-E7A1DD7258E3}.Release|Any CPU.ActiveCfg = Release|Any CPU
		{C93BAD4B-0BB7-468E-84BA-E7A1DD7258E3}.Release|Any CPU.Build.0 = Release|Any CPU
		{9CB88BC6-9349-4FA0-8F4E-9F74FEC46C2E}.Debug|Any CPU.ActiveCfg = Debug|Any CPU
		{9CB88BC6-9349-4FA0-8F4E-9F74FEC46C2E}.Debug|Any CPU.Build.0 = Debug|Any CPU
		{9CB88BC6-9349-4FA0-8F4E-9F74FEC46C2E}.Release|Any CPU.ActiveCfg = Release|Any CPU
		{9CB88BC6-9349-4FA0-8F4E-9F74FEC46C2E}.Release|Any CPU.Build.0 = Release|Any CPU
		{196F17C9-A4E1-4AEF-A7DC-239502ABA287}.Debug|Any CPU.ActiveCfg = Debug|Any CPU
		{196F17C9-A4E1-4AEF-A7DC-239502ABA287}.Debug|Any CPU.Build.0 = Debug|Any CPU
		{196F17C9-A4E1-4AEF-A7DC-239502ABA287}.Release|Any CPU.ActiveCfg = Release|Any CPU
		{196F17C9-A4E1-4AEF-A7DC-239502ABA287}.Release|Any CPU.Build.0 = Release|Any CPU
	EndGlobalSection
EndGlobal
